
Microsoft Visual Studio Solution File, Format Version 12.00
# Visual Studio Version 17
VisualStudioVersion = 17.10.34928.147
MinimumVisualStudioVersion = 10.0.40219.1
Project("{FAE04EC0-301F-11D3-BF4B-00C04F79EFBC}") = "nexa - remake", "nexa - remake\nexa - remake.csproj", "{5655C9BB-3BFE-456F-89C2-DC9423564286}"
EndProject
Global
	GlobalSection(SolutionConfigurationPlatforms) = preSolution
		Debug|Any CPU = Debug|Any CPU
		Release|Any CPU = Release|Any CPU
	EndGlobalSection
	GlobalSection(ProjectConfigurationPlatforms) = postSolution
		{5655C9BB-3BFE-456F-89C2-DC9423564286}.Debug|Any CPU.ActiveCfg = Debug|Any CPU
		{5655C9BB-3BFE-456F-89C2-DC9423564286}.Debug|Any CPU.Build.0 = Debug|Any CPU
		{5655C9BB-3BFE-456F-89C2-DC9423564286}.Release|Any CPU.ActiveCfg = Release|Any CPU
		{5655C9BB-3BFE-456F-89C2-DC9423564286}.Release|Any CPU.Build.0 = Release|Any CPU
	EndGlobalSection
	GlobalSection(SolutionProperties) = preSolution
		HideSolutionNode = FALSE
	EndGlobalSection
	GlobalSection(ExtensibilityGlobals) = postSolution
		SolutionGuid = {D1252C19-7E9C-43F9-BA7A-03A41EEAC6E7}
	EndGlobalSection
EndGlobal
